// !$*UTF8*$!
{
	archiveVersion = 1;
	classes = {
	};
	objectVersion = 52;
	objects = {

/* Begin PBXBuildFile section */
		A96636AE26CBAECA00287521 /* AsyncImage.swift in Sources */ = {isa = PBXBuildFile; fileRef = A96636AD26CBAECA00287521 /* AsyncImage.swift */; };
		A98FD0EE26C675900018D6AD /* Rick_And_MortyApp.swift in Sources */ = {isa = PBXBuildFile; fileRef = A98FD0ED26C675900018D6AD /* Rick_And_MortyApp.swift */; };
		A98FD0F026C675900018D6AD /* ContentView.swift in Sources */ = {isa = PBXBuildFile; fileRef = A98FD0EF26C675900018D6AD /* ContentView.swift */; };
		A98FD0F226C675940018D6AD /* Assets.xcassets in Resources */ = {isa = PBXBuildFile; fileRef = A98FD0F126C675940018D6AD /* Assets.xcassets */; };
		A98FD0F526C675940018D6AD /* Preview Assets.xcassets in Resources */ = {isa = PBXBuildFile; fileRef = A98FD0F426C675940018D6AD /* Preview Assets.xcassets */; };
		A98FD11A26C676F60018D6AD /* CharactersView.swift in Sources */ = {isa = PBXBuildFile; fileRef = A98FD11926C676F60018D6AD /* CharactersView.swift */; };
		A98FD12226C6789E0018D6AD /* Character.swift in Sources */ = {isa = PBXBuildFile; fileRef = A98FD12126C6789E0018D6AD /* Character.swift */; };
		A98FD12926C6A67E0018D6AD /* CharactersViewModel.swift in Sources */ = {isa = PBXBuildFile; fileRef = A98FD12826C6A67E0018D6AD /* CharactersViewModel.swift */; };
		A98FD12C26C6ACCA0018D6AD /* CharacterCell.swift in Sources */ = {isa = PBXBuildFile; fileRef = A98FD12B26C6ACCA0018D6AD /* CharacterCell.swift */; };
		A98FD12E26C6B32D0018D6AD /* Info.swift in Sources */ = {isa = PBXBuildFile; fileRef = A98FD12D26C6B32D0018D6AD /* Info.swift */; };
		A98FD13026C6B3850018D6AD /* APIResponse.swift in Sources */ = {isa = PBXBuildFile; fileRef = A98FD12F26C6B3850018D6AD /* APIResponse.swift */; };
		A98FD13226C6BDFB0018D6AD /* CharacterDetail.swift in Sources */ = {isa = PBXBuildFile; fileRef = A98FD13126C6BDFB0018D6AD /* CharacterDetail.swift */; };
		A98FD13426C6D9130018D6AD /* Location.swift in Sources */ = {isa = PBXBuildFile; fileRef = A98FD13326C6D9120018D6AD /* Location.swift */; };
		A98FD13726C6D9330018D6AD /* Protocols.swift in Sources */ = {isa = PBXBuildFile; fileRef = A98FD13626C6D9330018D6AD /* Protocols.swift */; };
		A98FD13926C6D9E60018D6AD /* LocationsViewModel.swift in Sources */ = {isa = PBXBuildFile; fileRef = A98FD13826C6D9E60018D6AD /* LocationsViewModel.swift */; };
		A98FD13B26C6DA090018D6AD /* ViewModel.swift in Sources */ = {isa = PBXBuildFile; fileRef = A98FD13A26C6DA090018D6AD /* ViewModel.swift */; };
		A98FD13D26C6DB050018D6AD /* LocationsView.swift in Sources */ = {isa = PBXBuildFile; fileRef = A98FD13C26C6DB050018D6AD /* LocationsView.swift */; };
		A98FD14026C6DC430018D6AD /* LocationDetail.swift in Sources */ = {isa = PBXBuildFile; fileRef = A98FD13F26C6DC430018D6AD /* LocationDetail.swift */; };
		A98FD14226C6E00D0018D6AD /* CharactersGrid.swift in Sources */ = {isa = PBXBuildFile; fileRef = A98FD14126C6E00D0018D6AD /* CharactersGrid.swift */; };
		A9994B5F26CBB6B500648F25 /* queries.graphql in Resources */ = {isa = PBXBuildFile; fileRef = A9994B5E26CBB6B500648F25 /* queries.graphql */; };
		A9994B6126CBB6C300648F25 /* ApolloManager.swift in Sources */ = {isa = PBXBuildFile; fileRef = A9994B6026CBB6C300648F25 /* ApolloManager.swift */; };
		A9994B6426CBB74A00648F25 /* Apollo in Frameworks */ = {isa = PBXBuildFile; productRef = A9994B6326CBB74A00648F25 /* Apollo */; };
		A9994B6926CBB96C00648F25 /* schema.json in Resources */ = {isa = PBXBuildFile; fileRef = A9994B6826CBB96C00648F25 /* schema.json */; };
		A9994B6B26CBB97D00648F25 /* API.swift in Sources */ = {isa = PBXBuildFile; fileRef = A9994B6A26CBB97D00648F25 /* API.swift */; };
/* End PBXBuildFile section */

/* Begin PBXFileReference section */
		A96636AD26CBAECA00287521 /* AsyncImage.swift */ = {isa = PBXFileReference; lastKnownFileType = sourcecode.swift; path = AsyncImage.swift; sourceTree = "<group>"; };
		A98FD0EA26C675900018D6AD /* Rick And Morty.app */ = {isa = PBXFileReference; explicitFileType = wrapper.application; includeInIndex = 0; path = "Rick And Morty.app"; sourceTree = BUILT_PRODUCTS_DIR; };
		A98FD0ED26C675900018D6AD /* Rick_And_MortyApp.swift */ = {isa = PBXFileReference; lastKnownFileType = sourcecode.swift; path = Rick_And_MortyApp.swift; sourceTree = "<group>"; };
		A98FD0EF26C675900018D6AD /* ContentView.swift */ = {isa = PBXFileReference; lastKnownFileType = sourcecode.swift; path = ContentView.swift; sourceTree = "<group>"; };
		A98FD0F126C675940018D6AD /* Assets.xcassets */ = {isa = PBXFileReference; lastKnownFileType = folder.assetcatalog; path = Assets.xcassets; sourceTree = "<group>"; };
		A98FD0F426C675940018D6AD /* Preview Assets.xcassets */ = {isa = PBXFileReference; lastKnownFileType = folder.assetcatalog; path = "Preview Assets.xcassets"; sourceTree = "<group>"; };
		A98FD0F626C675940018D6AD /* Info.plist */ = {isa = PBXFileReference; lastKnownFileType = text.plist.xml; path = Info.plist; sourceTree = "<group>"; };
		A98FD11926C676F60018D6AD /* CharactersView.swift */ = {isa = PBXFileReference; lastKnownFileType = sourcecode.swift; path = CharactersView.swift; sourceTree = "<group>"; };
		A98FD12126C6789E0018D6AD /* Character.swift */ = {isa = PBXFileReference; lastKnownFileType = sourcecode.swift; path = Character.swift; sourceTree = "<group>"; };
		A98FD12826C6A67E0018D6AD /* CharactersViewModel.swift */ = {isa = PBXFileReference; lastKnownFileType = sourcecode.swift; path = CharactersViewModel.swift; sourceTree = "<group>"; };
		A98FD12B26C6ACCA0018D6AD /* CharacterCell.swift */ = {isa = PBXFileReference; lastKnownFileType = sourcecode.swift; path = CharacterCell.swift; sourceTree = "<group>"; };
		A98FD12D26C6B32D0018D6AD /* Info.swift */ = {isa = PBXFileReference; lastKnownFileType = sourcecode.swift; path = Info.swift; sourceTree = "<group>"; };
		A98FD12F26C6B3850018D6AD /* APIResponse.swift */ = {isa = PBXFileReference; lastKnownFileType = sourcecode.swift; path = APIResponse.swift; sourceTree = "<group>"; };
		A98FD13126C6BDFB0018D6AD /* CharacterDetail.swift */ = {isa = PBXFileReference; lastKnownFileType = sourcecode.swift; path = CharacterDetail.swift; sourceTree = "<group>"; };
		A98FD13326C6D9120018D6AD /* Location.swift */ = {isa = PBXFileReference; lastKnownFileType = sourcecode.swift; path = Location.swift; sourceTree = "<group>"; };
		A98FD13626C6D9330018D6AD /* Protocols.swift */ = {isa = PBXFileReference; lastKnownFileType = sourcecode.swift; path = Protocols.swift; sourceTree = "<group>"; };
		A98FD13826C6D9E60018D6AD /* LocationsViewModel.swift */ = {isa = PBXFileReference; lastKnownFileType = sourcecode.swift; path = LocationsViewModel.swift; sourceTree = "<group>"; };
		A98FD13A26C6DA090018D6AD /* ViewModel.swift */ = {isa = PBXFileReference; lastKnownFileType = sourcecode.swift; path = ViewModel.swift; sourceTree = "<group>"; };
		A98FD13C26C6DB050018D6AD /* LocationsView.swift */ = {isa = PBXFileReference; lastKnownFileType = sourcecode.swift; path = LocationsView.swift; sourceTree = "<group>"; };
		A98FD13F26C6DC430018D6AD /* LocationDetail.swift */ = {isa = PBXFileReference; lastKnownFileType = sourcecode.swift; path = LocationDetail.swift; sourceTree = "<group>"; };
		A98FD14126C6E00D0018D6AD /* CharactersGrid.swift */ = {isa = PBXFileReference; lastKnownFileType = sourcecode.swift; path = CharactersGrid.swift; sourceTree = "<group>"; };
		A9994B5E26CBB6B500648F25 /* queries.graphql */ = {isa = PBXFileReference; lastKnownFileType = text; path = queries.graphql; sourceTree = "<group>"; };
		A9994B6026CBB6C300648F25 /* ApolloManager.swift */ = {isa = PBXFileReference; lastKnownFileType = sourcecode.swift; path = ApolloManager.swift; sourceTree = "<group>"; };
		A9994B6826CBB96C00648F25 /* schema.json */ = {isa = PBXFileReference; fileEncoding = 4; lastKnownFileType = text.json; name = schema.json; path = "Rick And Morty/schema.json"; sourceTree = SOURCE_ROOT; };
		A9994B6A26CBB97D00648F25 /* API.swift */ = {isa = PBXFileReference; fileEncoding = 4; lastKnownFileType = sourcecode.swift; name = API.swift; path = "Rick And Morty/API.swift"; sourceTree = SOURCE_ROOT; };
/* End PBXFileReference section */

/* Begin PBXFrameworksBuildPhase section */
		A98FD0E726C675900018D6AD /* Frameworks */ = {
			isa = PBXFrameworksBuildPhase;
			buildActionMask = 2147483647;
			files = (
				A9994B6426CBB74A00648F25 /* Apollo in Frameworks */,
			);
			runOnlyForDeploymentPostprocessing = 0;
		};
/* End PBXFrameworksBuildPhase section */

/* Begin PBXGroup section */
		A96636AF26CBB17600287521 /* Reusable */ = {
			isa = PBXGroup;
			children = (
				A98FD14126C6E00D0018D6AD /* CharactersGrid.swift */,
				A96636AD26CBAECA00287521 /* AsyncImage.swift */,
			);
			path = Reusable;
			sourceTree = "<group>";
		};
		A98FD0E126C675900018D6AD = {
			isa = PBXGroup;
			children = (
				A98FD0EC26C675900018D6AD /* Rick And Morty */,
				A98FD0EB26C675900018D6AD /* Products */,
			);
			sourceTree = "<group>";
		};
		A98FD0EB26C675900018D6AD /* Products */ = {
			isa = PBXGroup;
			children = (
				A98FD0EA26C675900018D6AD /* Rick And Morty.app */,
			);
			name = Products;
			sourceTree = "<group>";
		};
		A98FD0EC26C675900018D6AD /* Rick And Morty */ = {
			isa = PBXGroup;
			children = (
				A98FD0ED26C675900018D6AD /* Rick_And_MortyApp.swift */,
				A9994B5D26CBB66500648F25 /* GraphQL */,
				A98FD11B26C677260018D6AD /* View */,
				A98FD11D26C677330018D6AD /* ViewModel */,
				A98FD11C26C6772D0018D6AD /* Model */,
				A98FD13526C6D9220018D6AD /* Helpers */,
				A98FD0F126C675940018D6AD /* Assets.xcassets */,
				A98FD0F626C675940018D6AD /* Info.plist */,
				A98FD0F326C675940018D6AD /* Preview Content */,
			);
			path = "Rick And Morty";
			sourceTree = "<group>";
		};
		A98FD0F326C675940018D6AD /* Preview Content */ = {
			isa = PBXGroup;
			children = (
				A98FD0F426C675940018D6AD /* Preview Assets.xcassets */,
			);
			path = "Preview Content";
			sourceTree = "<group>";
		};
		A98FD11826C676E20018D6AD /* Tabs */ = {
			isa = PBXGroup;
			children = (
				A98FD11926C676F60018D6AD /* CharactersView.swift */,
				A98FD13C26C6DB050018D6AD /* LocationsView.swift */,
			);
			path = Tabs;
			sourceTree = "<group>";
		};
		A98FD11B26C677260018D6AD /* View */ = {
			isa = PBXGroup;
			children = (
				A98FD0EF26C675900018D6AD /* ContentView.swift */,
				A98FD12A26C6ACB50018D6AD /* Cells */,
				A98FD13E26C6DC310018D6AD /* Details */,
				A98FD11826C676E20018D6AD /* Tabs */,
				A96636AF26CBB17600287521 /* Reusable */,
			);
			path = View;
			sourceTree = "<group>";
		};
		A98FD11C26C6772D0018D6AD /* Model */ = {
			isa = PBXGroup;
			children = (
				A98FD12F26C6B3850018D6AD /* APIResponse.swift */,
				A98FD12126C6789E0018D6AD /* Character.swift */,
				A98FD13326C6D9120018D6AD /* Location.swift */,
				A98FD12D26C6B32D0018D6AD /* Info.swift */,
			);
			path = Model;
			sourceTree = "<group>";
		};
		A98FD11D26C677330018D6AD /* ViewModel */ = {
			isa = PBXGroup;
			children = (
				A98FD12826C6A67E0018D6AD /* CharactersViewModel.swift */,
				A98FD13826C6D9E60018D6AD /* LocationsViewModel.swift */,
				A98FD13A26C6DA090018D6AD /* ViewModel.swift */,
			);
			path = ViewModel;
			sourceTree = "<group>";
		};
		A98FD12A26C6ACB50018D6AD /* Cells */ = {
			isa = PBXGroup;
			children = (
				A98FD12B26C6ACCA0018D6AD /* CharacterCell.swift */,
			);
			path = Cells;
			sourceTree = "<group>";
		};
		A98FD13526C6D9220018D6AD /* Helpers */ = {
			isa = PBXGroup;
			children = (
				A98FD13626C6D9330018D6AD /* Protocols.swift */,
			);
			path = Helpers;
			sourceTree = "<group>";
		};
		A98FD13E26C6DC310018D6AD /* Details */ = {
			isa = PBXGroup;
			children = (
				A98FD13126C6BDFB0018D6AD /* CharacterDetail.swift */,
				A98FD13F26C6DC430018D6AD /* LocationDetail.swift */,
			);
			path = Details;
			sourceTree = "<group>";
		};
		A9994B5D26CBB66500648F25 /* GraphQL */ = {
			isa = PBXGroup;
			children = (
				A9994B6A26CBB97D00648F25 /* API.swift */,
				A9994B6026CBB6C300648F25 /* ApolloManager.swift */,
				A9994B5E26CBB6B500648F25 /* queries.graphql */,
				A9994B6826CBB96C00648F25 /* schema.json */,
			);
			path = GraphQL;
			sourceTree = "<group>";
		};
/* End PBXGroup section */

/* Begin PBXNativeTarget section */
		A98FD0E926C675900018D6AD /* Rick And Morty */ = {
			isa = PBXNativeTarget;
			buildConfigurationList = A98FD10F26C675940018D6AD /* Build configuration list for PBXNativeTarget "Rick And Morty" */;
			buildPhases = (
				A9994B6726CBB88D00648F25 /* Generate Apollo GraphQL API */,
				A98FD0E626C675900018D6AD /* Sources */,
				A98FD0E726C675900018D6AD /* Frameworks */,
				A98FD0E826C675900018D6AD /* Resources */,
			);
			buildRules = (
			);
			dependencies = (
			);
			name = "Rick And Morty";
			packageProductDependencies = (
				A9994B6326CBB74A00648F25 /* Apollo */,
			);
			productName = "Rick And Morty";
			productReference = A98FD0EA26C675900018D6AD /* Rick And Morty.app */;
			productType = "com.apple.product-type.application";
		};
/* End PBXNativeTarget section */

/* Begin PBXProject section */
		A98FD0E226C675900018D6AD /* Project object */ = {
			isa = PBXProject;
			attributes = {
				LastSwiftUpdateCheck = 1250;
				LastUpgradeCheck = 1250;
				TargetAttributes = {
					A98FD0E926C675900018D6AD = {
						CreatedOnToolsVersion = 12.5.1;
					};
				};
			};
			buildConfigurationList = A98FD0E526C675900018D6AD /* Build configuration list for PBXProject "Rick And Morty" */;
			compatibilityVersion = "Xcode 9.3";
			developmentRegion = en;
			hasScannedForEncodings = 0;
			knownRegions = (
				en,
				Base,
			);
			mainGroup = A98FD0E126C675900018D6AD;
			packageReferences = (
				A9994B6226CBB74A00648F25 /* XCRemoteSwiftPackageReference "apollo-ios" */,
			);
			productRefGroup = A98FD0EB26C675900018D6AD /* Products */;
			projectDirPath = "";
			projectRoot = "";
			targets = (
				A98FD0E926C675900018D6AD /* Rick And Morty */,
			);
		};
/* End PBXProject section */

/* Begin PBXResourcesBuildPhase section */
		A98FD0E826C675900018D6AD /* Resources */ = {
			isa = PBXResourcesBuildPhase;
			buildActionMask = 2147483647;
			files = (
				A9994B6926CBB96C00648F25 /* schema.json in Resources */,
				A98FD0F526C675940018D6AD /* Preview Assets.xcassets in Resources */,
				A9994B5F26CBB6B500648F25 /* queries.graphql in Resources */,
				A98FD0F226C675940018D6AD /* Assets.xcassets in Resources */,
			);
			runOnlyForDeploymentPostprocessing = 0;
		};
/* End PBXResourcesBuildPhase section */

/* Begin PBXShellScriptBuildPhase section */
		A9994B6726CBB88D00648F25 /* Generate Apollo GraphQL API */ = {
			isa = PBXShellScriptBuildPhase;
			buildActionMask = 2147483647;
			files = (
			);
			inputFileListPaths = (
			);
			inputPaths = (
			);
			name = "Generate Apollo GraphQL API";
			outputFileListPaths = (
			);
			outputPaths = (
			);
			runOnlyForDeploymentPostprocessing = 0;
			shellPath = /bin/sh;
			shellScript = "# Go to the build root and search up the chain to find the Derived Data Path where the source packages are checked out.\nDERIVED_DATA_CANDIDATE=\"${BUILD_ROOT}\"\n\nwhile ! [ -d \"${DERIVED_DATA_CANDIDATE}/SourcePackages\" ]; do\n  if [ \"${DERIVED_DATA_CANDIDATE}\" = / ]; then\n    echo >&2 \"error: Unable to locate SourcePackages directory from BUILD_ROOT: '${BUILD_ROOT}'\"\n    exit 1\n  fi\n\n  DERIVED_DATA_CANDIDATE=\"$(dirname \"${DERIVED_DATA_CANDIDATE}\")\"\ndone\n\n# Grab a reference to the directory where scripts are checked out\nSCRIPT_PATH=\"${DERIVED_DATA_CANDIDATE}/SourcePackages/checkouts/apollo-ios/scripts\"\n\nif [ -z \"${SCRIPT_PATH}\" ]; then\n    echo >&2 \"error: Couldn't find the CLI script in your checked out SPM packages; make sure to add the framework to your project.\"\n    exit 1\nfi\n\ncd \"${SRCROOT}/${TARGET_NAME}\"\n\"${SCRIPT_PATH}\"/run-bundled-codegen.sh codegen:generate --target=swift --includes=./**/*.graphql --localSchemaFile=\"schema.json\" API.swift\n\n";
		};
/* End PBXShellScriptBuildPhase section */

/* Begin PBXSourcesBuildPhase section */
		A98FD0E626C675900018D6AD /* Sources */ = {
			isa = PBXSourcesBuildPhase;
			buildActionMask = 2147483647;
			files = (
				A98FD13726C6D9330018D6AD /* Protocols.swift in Sources */,
				A98FD12926C6A67E0018D6AD /* CharactersViewModel.swift in Sources */,
				A98FD13426C6D9130018D6AD /* Location.swift in Sources */,
				A98FD12E26C6B32D0018D6AD /* Info.swift in Sources */,
				A98FD14226C6E00D0018D6AD /* CharactersGrid.swift in Sources */,
				A98FD13D26C6DB050018D6AD /* LocationsView.swift in Sources */,
				A98FD13226C6BDFB0018D6AD /* CharacterDetail.swift in Sources */,
				A98FD12C26C6ACCA0018D6AD /* CharacterCell.swift in Sources */,
				A98FD13B26C6DA090018D6AD /* ViewModel.swift in Sources */,
				A96636AE26CBAECA00287521 /* AsyncImage.swift in Sources */,
				A98FD13926C6D9E60018D6AD /* LocationsViewModel.swift in Sources */,
				A98FD0F026C675900018D6AD /* ContentView.swift in Sources */,
				A98FD14026C6DC430018D6AD /* LocationDetail.swift in Sources */,
				A9994B6B26CBB97D00648F25 /* API.swift in Sources */,
				A98FD12226C6789E0018D6AD /* Character.swift in Sources */,
				A98FD0EE26C675900018D6AD /* Rick_And_MortyApp.swift in Sources */,
				A9994B6126CBB6C300648F25 /* ApolloManager.swift in Sources */,
				A98FD11A26C676F60018D6AD /* CharactersView.swift in Sources */,
				A98FD13026C6B3850018D6AD /* APIResponse.swift in Sources */,
			);
			runOnlyForDeploymentPostprocessing = 0;
		};
/* End PBXSourcesBuildPhase section */

/* Begin XCBuildConfiguration section */
		A98FD10D26C675940018D6AD /* Debug */ = {
			isa = XCBuildConfiguration;
			buildSettings = {
				ALWAYS_SEARCH_USER_PATHS = NO;
				CLANG_ANALYZER_NONNULL = YES;
				CLANG_ANALYZER_NUMBER_OBJECT_CONVERSION = YES_AGGRESSIVE;
				CLANG_CXX_LANGUAGE_STANDARD = "gnu++14";
				CLANG_CXX_LIBRARY = "libc++";
				CLANG_ENABLE_MODULES = YES;
				CLANG_ENABLE_OBJC_ARC = YES;
				CLANG_ENABLE_OBJC_WEAK = YES;
				CLANG_WARN_BLOCK_CAPTURE_AUTORELEASING = YES;
				CLANG_WARN_BOOL_CONVERSION = YES;
				CLANG_WARN_COMMA = YES;
				CLANG_WARN_CONSTANT_CONVERSION = YES;
				CLANG_WARN_DEPRECATED_OBJC_IMPLEMENTATIONS = YES;
				CLANG_WARN_DIRECT_OBJC_ISA_USAGE = YES_ERROR;
				CLANG_WARN_DOCUMENTATION_COMMENTS = YES;
				CLANG_WARN_EMPTY_BODY = YES;
				CLANG_WARN_ENUM_CONVERSION = YES;
				CLANG_WARN_INFINITE_RECURSION = YES;
				CLANG_WARN_INT_CONVERSION = YES;
				CLANG_WARN_NON_LITERAL_NULL_CONVERSION = YES;
				CLANG_WARN_OBJC_IMPLICIT_RETAIN_SELF = YES;
				CLANG_WARN_OBJC_LITERAL_CONVERSION = YES;
				CLANG_WARN_OBJC_ROOT_CLASS = YES_ERROR;
				CLANG_WARN_QUOTED_INCLUDE_IN_FRAMEWORK_HEADER = YES;
				CLANG_WARN_RANGE_LOOP_ANALYSIS = YES;
				CLANG_WARN_STRICT_PROTOTYPES = YES;
				CLANG_WARN_SUSPICIOUS_MOVE = YES;
				CLANG_WARN_UNGUARDED_AVAILABILITY = YES_AGGRESSIVE;
				CLANG_WARN_UNREACHABLE_CODE = YES;
				CLANG_WARN__DUPLICATE_METHOD_MATCH = YES;
				COPY_PHASE_STRIP = NO;
				DEBUG_INFORMATION_FORMAT = dwarf;
				ENABLE_STRICT_OBJC_MSGSEND = YES;
				ENABLE_TESTABILITY = YES;
				GCC_C_LANGUAGE_STANDARD = gnu11;
				GCC_DYNAMIC_NO_PIC = NO;
				GCC_NO_COMMON_BLOCKS = YES;
				GCC_OPTIMIZATION_LEVEL = 0;
				GCC_PREPROCESSOR_DEFINITIONS = (
					"DEBUG=1",
					"$(inherited)",
				);
				GCC_WARN_64_TO_32_BIT_CONVERSION = YES;
				GCC_WARN_ABOUT_RETURN_TYPE = YES_ERROR;
				GCC_WARN_UNDECLARED_SELECTOR = YES;
				GCC_WARN_UNINITIALIZED_AUTOS = YES_AGGRESSIVE;
				GCC_WARN_UNUSED_FUNCTION = YES;
				GCC_WARN_UNUSED_VARIABLE = YES;
				IPHONEOS_DEPLOYMENT_TARGET = 14.5;
				MTL_ENABLE_DEBUG_INFO = INCLUDE_SOURCE;
				MTL_FAST_MATH = YES;
				ONLY_ACTIVE_ARCH = YES;
				SDKROOT = iphoneos;
				SWIFT_ACTIVE_COMPILATION_CONDITIONS = DEBUG;
				SWIFT_OPTIMIZATION_LEVEL = "-Onone";
			};
			name = Debug;
		};
		A98FD10E26C675940018D6AD /* Release */ = {
			isa = XCBuildConfiguration;
			buildSettings = {
				ALWAYS_SEARCH_USER_PATHS = NO;
				CLANG_ANALYZER_NONNULL = YES;
				CLANG_ANALYZER_NUMBER_OBJECT_CONVERSION = YES_AGGRESSIVE;
				CLANG_CXX_LANGUAGE_STANDARD = "gnu++14";
				CLANG_CXX_LIBRARY = "libc++";
				CLANG_ENABLE_MODULES = YES;
				CLANG_ENABLE_OBJC_ARC = YES;
				CLANG_ENABLE_OBJC_WEAK = YES;
				CLANG_WARN_BLOCK_CAPTURE_AUTORELEASING = YES;
				CLANG_WARN_BOOL_CONVERSION = YES;
				CLANG_WARN_COMMA = YES;
				CLANG_WARN_CONSTANT_CONVERSION = YES;
				CLANG_WARN_DEPRECATED_OBJC_IMPLEMENTATIONS = YES;
				CLANG_WARN_DIRECT_OBJC_ISA_USAGE = YES_ERROR;
				CLANG_WARN_DOCUMENTATION_COMMENTS = YES;
				CLANG_WARN_EMPTY_BODY = YES;
				CLANG_WARN_ENUM_CONVERSION = YES;
				CLANG_WARN_INFINITE_RECURSION = YES;
				CLANG_WARN_INT_CONVERSION = YES;
				CLANG_WARN_NON_LITERAL_NULL_CONVERSION = YES;
				CLANG_WARN_OBJC_IMPLICIT_RETAIN_SELF = YES;
				CLANG_WARN_OBJC_LITERAL_CONVERSION = YES;
				CLANG_WARN_OBJC_ROOT_CLASS = YES_ERROR;
				CLANG_WARN_QUOTED_INCLUDE_IN_FRAMEWORK_HEADER = YES;
				CLANG_WARN_RANGE_LOOP_ANALYSIS = YES;
				CLANG_WARN_STRICT_PROTOTYPES = YES;
				CLANG_WARN_SUSPICIOUS_MOVE = YES;
				CLANG_WARN_UNGUARDED_AVAILABILITY = YES_AGGRESSIVE;
				CLANG_WARN_UNREACHABLE_CODE = YES;
				CLANG_WARN__DUPLICATE_METHOD_MATCH = YES;
				COPY_PHASE_STRIP = NO;
				DEBUG_INFORMATION_FORMAT = "dwarf-with-dsym";
				ENABLE_NS_ASSERTIONS = NO;
				ENABLE_STRICT_OBJC_MSGSEND = YES;
				GCC_C_LANGUAGE_STANDARD = gnu11;
				GCC_NO_COMMON_BLOCKS = YES;
				GCC_WARN_64_TO_32_BIT_CONVERSION = YES;
				GCC_WARN_ABOUT_RETURN_TYPE = YES_ERROR;
				GCC_WARN_UNDECLARED_SELECTOR = YES;
				GCC_WARN_UNINITIALIZED_AUTOS = YES_AGGRESSIVE;
				GCC_WARN_UNUSED_FUNCTION = YES;
				GCC_WARN_UNUSED_VARIABLE = YES;
				IPHONEOS_DEPLOYMENT_TARGET = 14.5;
				MTL_ENABLE_DEBUG_INFO = NO;
				MTL_FAST_MATH = YES;
				SDKROOT = iphoneos;
				SWIFT_COMPILATION_MODE = wholemodule;
				SWIFT_OPTIMIZATION_LEVEL = "-O";
				VALIDATE_PRODUCT = YES;
			};
			name = Release;
		};
		A98FD11026C675940018D6AD /* Debug */ = {
			isa = XCBuildConfiguration;
			buildSettings = {
				ASSETCATALOG_COMPILER_APPICON_NAME = AppIcon;
				ASSETCATALOG_COMPILER_GLOBAL_ACCENT_COLOR_NAME = AccentColor;
				CODE_SIGN_STYLE = Automatic;
				DEVELOPMENT_ASSET_PATHS = "\"Rick And Morty/Preview Content\"";
				DEVELOPMENT_TEAM = GGSASZ9YEF;
				ENABLE_PREVIEWS = YES;
				INFOPLIST_FILE = "Rick And Morty/Info.plist";
				IPHONEOS_DEPLOYMENT_TARGET = 14.0;
				LD_RUNPATH_SEARCH_PATHS = (
					"$(inherited)",
					"@executable_path/Frameworks",
				);
				PRODUCT_BUNDLE_IDENTIFIER = "antonio.pantaleo.Rick-And-Morty";
				PRODUCT_NAME = "$(TARGET_NAME)";
				SWIFT_VERSION = 5.0;
				TARGETED_DEVICE_FAMILY = 1;
			};
			name = Debug;
		};
		A98FD11126C675940018D6AD /* Release */ = {
			isa = XCBuildConfiguration;
			buildSettings = {
				ASSETCATALOG_COMPILER_APPICON_NAME = AppIcon;
				ASSETCATALOG_COMPILER_GLOBAL_ACCENT_COLOR_NAME = AccentColor;
				CODE_SIGN_STYLE = Automatic;
				DEVELOPMENT_ASSET_PATHS = "\"Rick And Morty/Preview Content\"";
				DEVELOPMENT_TEAM = GGSASZ9YEF;
				ENABLE_PREVIEWS = YES;
				INFOPLIST_FILE = "Rick And Morty/Info.plist";
				IPHONEOS_DEPLOYMENT_TARGET = 14.0;
				LD_RUNPATH_SEARCH_PATHS = (
					"$(inherited)",
					"@executable_path/Frameworks",
				);
				PRODUCT_BUNDLE_IDENTIFIER = "antonio.pantaleo.Rick-And-Morty";
				PRODUCT_NAME = "$(TARGET_NAME)";
				SWIFT_VERSION = 5.0;
				TARGETED_DEVICE_FAMILY = 1;
			};
			name = Release;
		};
/* End XCBuildConfiguration section */

/* Begin XCConfigurationList section */
		A98FD0E526C675900018D6AD /* Build configuration list for PBXProject "Rick And Morty" */ = {
			isa = XCConfigurationList;
			buildConfigurations = (
				A98FD10D26C675940018D6AD /* Debug */,
				A98FD10E26C675940018D6AD /* Release */,
			);
			defaultConfigurationIsVisible = 0;
			defaultConfigurationName = Release;
		};
		A98FD10F26C675940018D6AD /* Build configuration list for PBXNativeTarget "Rick And Morty" */ = {
			isa = XCConfigurationList;
			buildConfigurations = (
				A98FD11026C675940018D6AD /* Debug */,
				A98FD11126C675940018D6AD /* Release */,
			);
			defaultConfigurationIsVisible = 0;
			defaultConfigurationName = Release;
		};
/* End XCConfigurationList section */

/* Begin XCRemoteSwiftPackageReference section */
		A9994B6226CBB74A00648F25 /* XCRemoteSwiftPackageReference "apollo-ios" */ = {
			isa = XCRemoteSwiftPackageReference;
			repositoryURL = "https://github.com/apollographql/apollo-ios.git";
			requirement = {
				kind = upToNextMajorVersion;
				minimumVersion = 0.47.0;
			};
		};
/* End XCRemoteSwiftPackageReference section */

/* Begin XCSwiftPackageProductDependency section */
		A9994B6326CBB74A00648F25 /* Apollo */ = {
			isa = XCSwiftPackageProductDependency;
			package = A9994B6226CBB74A00648F25 /* XCRemoteSwiftPackageReference "apollo-ios" */;
			productName = Apollo;
		};
/* End XCSwiftPackageProductDependency section */
	};
	rootObject = A98FD0E226C675900018D6AD /* Project object */;
}
